
Microsoft Visual Studio Solution File, Format Version 12.00
# Visual Studio Version 16
VisualStudioVersion = 16.0.31321.278
MinimumVisualStudioVersion = 10.0.40219.1
Project("{FAE04EC0-301F-11D3-BF4B-00C04F79EFBC}") = "learnCSharp", "learnCSharp\learnCSharp.csproj", "{66BCA766-EB99-4C53-BB74-23AC471500D4}"
EndProject
Global
	GlobalSection(SolutionConfigurationPlatforms) = preSolution
		Debug|Any CPU = Debug|Any CPU
		Release|Any CPU = Release|Any CPU
	EndGlobalSection
	GlobalSection(ProjectConfigurationPlatforms) = postSolution
		{66BCA766-EB99-4C53-BB74-23AC471500D4}.Debug|Any CPU.ActiveCfg = Debug|Any CPU
		{66BCA766-EB99-4C53-BB74-23AC471500D4}.Debug|Any CPU.Build.0 = Debug|Any CPU
		{66BCA766-EB99-4C53-BB74-23AC471500D4}.Release|Any CPU.ActiveCfg = Release|Any CPU
		{66BCA766-EB99-4C53-BB74-23AC471500D4}.Release|Any CPU.Build.0 = Release|Any CPU
	EndGlobalSection
	GlobalSection(SolutionProperties) = preSolution
		HideSolutionNode = FALSE
	EndGlobalSection
	GlobalSection(ExtensibilityGlobals) = postSolution
		SolutionGuid = {A16DF874-800E-4220-8E63-B4503CBB14EC}
	EndGlobalSection
EndGlobal
